{
    "_readme": [
        "This file locks the dependencies of your project to a known state",
        "Read more about it at https://getcomposer.org/doc/01-basic-usage.md#composer-lock-the-lock-file",
        "This file is @generated automatically"
    ],
    "hash": "5829e419f5b03640819b8d6cee0379cc",
    "content-hash": "8ace061ce6fd4485e4a5a4a2c9695f18",
    "packages": [
        {
            "name": "zendframework/zend-dom",
            "version": "dev-develop",
            "source": {
                "type": "git",
                "url": "https://github.com/zendframework/zend-dom.git",
                "reference": "95410835951829bb4936ebb9aa7879926d75f6a1"
            },
            "dist": {
                "type": "zip",
                "url": "https://api.github.com/repos/zendframework/zend-dom/zipball/95410835951829bb4936ebb9aa7879926d75f6a1",
                "reference": "95410835951829bb4936ebb9aa7879926d75f6a1",
                "shasum": ""
            },
            "require": {
                "php": ">=5.5"
            },
            "require-dev": {
                "fabpot/php-cs-fixer": "1.7.*",
                "phpunit/phpunit": "~4.0"
            },
            "type": "library",
            "extra": {
                "branch-alias": {
                    "dev-master": "2.5-dev",
                    "dev-develop": "2.6-dev"
                }
            },
            "autoload": {
                "psr-4": {
                    "Zend\\Dom\\": "src/"
                }
            },
            "notification-url": "https://packagist.org/downloads/",
            "license": [
                "BSD-3-Clause"
            ],
            "description": "provides tools for working with DOM documents and structures",
            "homepage": "https://github.com/zendframework/zend-dom",
            "keywords": [
                "dom",
                "zf2"
            ],
            "time": "2016-04-25 21:26:39"
        }
    ],
    "packages-dev": [],
    "aliases": [],
    "minimum-stability": "dev",
    "stability-flags": [],
    "prefer-stable": false,
    "prefer-lowest": false,
    "platform": {
        "php": ">=5.6",
        "ext-curl": "*",
        "lib-curl": "*"
    },
    "platform-dev": []
}
